// !$*UTF8*$!
{
	archiveVersion = 1;
	classes = {
	};
	objectVersion = 46;
	objects = {

/* Begin PBXBuildFile section */
		84D444111DB545E9006E909D /* AppDelegate.swift in Sources */ = {isa = PBXBuildFile; fileRef = 84D444101DB545E9006E909D /* AppDelegate.swift */; };
		84D444131DB545E9006E909D /* ViewController.swift in Sources */ = {isa = PBXBuildFile; fileRef = 84D444121DB545E9006E909D /* ViewController.swift */; };
		84D444161DB545E9006E909D /* Main.storyboard in Resources */ = {isa = PBXBuildFile; fileRef = 84D444141DB545E9006E909D /* Main.storyboard */; };
		84D444181DB545E9006E909D /* Assets.xcassets in Resources */ = {isa = PBXBuildFile; fileRef = 84D444171DB545E9006E909D /* Assets.xcassets */; };
		84D4441B1DB545E9006E909D /* LaunchScreen.storyboard in Resources */ = {isa = PBXBuildFile; fileRef = 84D444191DB545E9006E909D /* LaunchScreen.storyboard */; };
		84D444261DB545E9006E909D /* Main_app_with_iMessage_ExtensionTests.swift in Sources */ = {isa = PBXBuildFile; fileRef = 84D444251DB545E9006E909D /* Main_app_with_iMessage_ExtensionTests.swift */; };
		84D444371DB54600006E909D /* Messages.framework in Frameworks */ = {isa = PBXBuildFile; fileRef = 84D444361DB54600006E909D /* Messages.framework */; };
		84D4443A1DB54600006E909D /* MessagesViewController.swift in Sources */ = {isa = PBXBuildFile; fileRef = 84D444391DB54600006E909D /* MessagesViewController.swift */; };
		84D4443D1DB54600006E909D /* MainInterface.storyboard in Resources */ = {isa = PBXBuildFile; fileRef = 84D4443B1DB54600006E909D /* MainInterface.storyboard */; };
		84D4443F1DB54600006E909D /* Assets.xcassets in Resources */ = {isa = PBXBuildFile; fileRef = 84D4443E1DB54600006E909D /* Assets.xcassets */; };
		84D444431DB54600006E909D /* iMessage Extension.appex in Embed App Extensions */ = {isa = PBXBuildFile; fileRef = 84D444341DB54600006E909D /* iMessage Extension.appex */; settings = {ATTRIBUTES = (RemoveHeadersOnCopy, ); }; };
		84D4444D1DB56085006E909D /* Stickers.xcassets in Resources */ = {isa = PBXBuildFile; fileRef = 84D4444C1DB56085006E909D /* Stickers.xcassets */; };
		84D444511DB56085006E909D /* Sticker Pack Extension.appex in Embed App Extensions */ = {isa = PBXBuildFile; fileRef = 84D4444A1DB56085006E909D /* Sticker Pack Extension.appex */; settings = {ATTRIBUTES = (RemoveHeadersOnCopy, ); }; };
/* End PBXBuildFile section */

/* Begin PBXContainerItemProxy section */
		84D444221DB545E9006E909D /* PBXContainerItemProxy */ = {
			isa = PBXContainerItemProxy;
			containerPortal = 84D444051DB545E9006E909D /* Project object */;
			proxyType = 1;
			remoteGlobalIDString = 84D4440C1DB545E9006E909D;
			remoteInfo = "Main app with iMessage Extension";
		};
		84D444411DB54600006E909D /* PBXContainerItemProxy */ = {
			isa = PBXContainerItemProxy;
			containerPortal = 84D444051DB545E9006E909D /* Project object */;
			proxyType = 1;
			remoteGlobalIDString = 84D444331DB54600006E909D;
			remoteInfo = "iMessage Extension";
		};
		84D4444F1DB56085006E909D /* PBXContainerItemProxy */ = {
			isa = PBXContainerItemProxy;
			containerPortal = 84D444051DB545E9006E909D /* Project object */;
			proxyType = 1;
			remoteGlobalIDString = 84D444491DB56085006E909D;
			remoteInfo = "Sticker Pack Extension";
		};
/* End PBXContainerItemProxy section */

/* Begin PBXCopyFilesBuildPhase section */
		84D444471DB54600006E909D /* Embed App Extensions */ = {
			isa = PBXCopyFilesBuildPhase;
			buildActionMask = 2147483647;
			dstPath = "";
			dstSubfolderSpec = 13;
			files = (
				84D444431DB54600006E909D /* iMessage Extension.appex in Embed App Extensions */,
				84D444511DB56085006E909D /* Sticker Pack Extension.appex in Embed App Extensions */,
			);
			name = "Embed App Extensions";
			runOnlyForDeploymentPostprocessing = 0;
		};
/* End PBXCopyFilesBuildPhase section */

/* Begin PBXFileReference section */
		84D4440D1DB545E9006E909D /* Main app with iMessage Extension.app */ = {isa = PBXFileReference; explicitFileType = wrapper.application; includeInIndex = 0; path = "Main app with iMessage Extension.app"; sourceTree = BUILT_PRODUCTS_DIR; };
		84D444101DB545E9006E909D /* AppDelegate.swift */ = {isa = PBXFileReference; lastKnownFileType = sourcecode.swift; path = AppDelegate.swift; sourceTree = "<group>"; };
		84D444121DB545E9006E909D /* ViewController.swift */ = {isa = PBXFileReference; lastKnownFileType = sourcecode.swift; path = ViewController.swift; sourceTree = "<group>"; };
		84D444151DB545E9006E909D /* Base */ = {isa = PBXFileReference; lastKnownFileType = file.storyboard; name = Base; path = Base.lproj/Main.storyboard; sourceTree = "<group>"; };
		84D444171DB545E9006E909D /* Assets.xcassets */ = {isa = PBXFileReference; lastKnownFileType = folder.assetcatalog; path = Assets.xcassets; sourceTree = "<group>"; };
		84D4441A1DB545E9006E909D /* Base */ = {isa = PBXFileReference; lastKnownFileType = file.storyboard; name = Base; path = Base.lproj/LaunchScreen.storyboard; sourceTree = "<group>"; };
		84D4441C1DB545E9006E909D /* Info.plist */ = {isa = PBXFileReference; lastKnownFileType = text.plist.xml; path = Info.plist; sourceTree = "<group>"; };
		84D444211DB545E9006E909D /* Main app with iMessage ExtensionTests.xctest */ = {isa = PBXFileReference; explicitFileType = wrapper.cfbundle; includeInIndex = 0; path = "Main app with iMessage ExtensionTests.xctest"; sourceTree = BUILT_PRODUCTS_DIR; };
		84D444251DB545E9006E909D /* Main_app_with_iMessage_ExtensionTests.swift */ = {isa = PBXFileReference; lastKnownFileType = sourcecode.swift; path = Main_app_with_iMessage_ExtensionTests.swift; sourceTree = "<group>"; };
		84D444271DB545E9006E909D /* Info.plist */ = {isa = PBXFileReference; lastKnownFileType = text.plist.xml; path = Info.plist; sourceTree = "<group>"; };
		84D444341DB54600006E909D /* iMessage Extension.appex */ = {isa = PBXFileReference; explicitFileType = "wrapper.app-extension"; includeInIndex = 0; path = "iMessage Extension.appex"; sourceTree = BUILT_PRODUCTS_DIR; };
		84D444361DB54600006E909D /* Messages.framework */ = {isa = PBXFileReference; lastKnownFileType = wrapper.framework; name = Messages.framework; path = System/Library/Frameworks/Messages.framework; sourceTree = SDKROOT; };
		84D444391DB54600006E909D /* MessagesViewController.swift */ = {isa = PBXFileReference; lastKnownFileType = sourcecode.swift; path = MessagesViewController.swift; sourceTree = "<group>"; };
		84D4443C1DB54600006E909D /* Base */ = {isa = PBXFileReference; lastKnownFileType = file.storyboard; name = Base; path = Base.lproj/MainInterface.storyboard; sourceTree = "<group>"; };
		84D4443E1DB54600006E909D /* Assets.xcassets */ = {isa = PBXFileReference; lastKnownFileType = folder.assetcatalog; path = Assets.xcassets; sourceTree = "<group>"; };
		84D444401DB54600006E909D /* Info.plist */ = {isa = PBXFileReference; lastKnownFileType = text.plist.xml; path = Info.plist; sourceTree = "<group>"; };
		84D4444A1DB56085006E909D /* Sticker Pack Extension.appex */ = {isa = PBXFileReference; explicitFileType = "wrapper.app-extension"; includeInIndex = 0; path = "Sticker Pack Extension.appex"; sourceTree = BUILT_PRODUCTS_DIR; };
		84D4444C1DB56085006E909D /* Stickers.xcassets */ = {isa = PBXFileReference; lastKnownFileType = folder.assetcatalog; path = Stickers.xcassets; sourceTree = "<group>"; };
		84D4444E1DB56085006E909D /* Info.plist */ = {isa = PBXFileReference; lastKnownFileType = text.plist.xml; path = Info.plist; sourceTree = "<group>"; };
/* End PBXFileReference section */

/* Begin PBXFrameworksBuildPhase section */
		84D4440A1DB545E9006E909D /* Frameworks */ = {
			isa = PBXFrameworksBuildPhase;
			buildActionMask = 2147483647;
			files = (
			);
			runOnlyForDeploymentPostprocessing = 0;
		};
		84D4441E1DB545E9006E909D /* Frameworks */ = {
			isa = PBXFrameworksBuildPhase;
			buildActionMask = 2147483647;
			files = (
			);
			runOnlyForDeploymentPostprocessing = 0;
		};
		84D444311DB54600006E909D /* Frameworks */ = {
			isa = PBXFrameworksBuildPhase;
			buildActionMask = 2147483647;
			files = (
				84D444371DB54600006E909D /* Messages.framework in Frameworks */,
			);
			runOnlyForDeploymentPostprocessing = 0;
		};
/* End PBXFrameworksBuildPhase section */

/* Begin PBXGroup section */
		84D444041DB545E9006E909D = {
			isa = PBXGroup;
			children = (
				84D4440F1DB545E9006E909D /* Main app with iMessage Extension */,
				84D444241DB545E9006E909D /* Main app with iMessage ExtensionTests */,
				84D444381DB54600006E909D /* iMessage Extension */,
				84D4444B1DB56085006E909D /* Sticker Pack Extension */,
				84D444351DB54600006E909D /* Frameworks */,
				84D4440E1DB545E9006E909D /* Products */,
			);
			sourceTree = "<group>";
		};
		84D4440E1DB545E9006E909D /* Products */ = {
			isa = PBXGroup;
			children = (
				84D4440D1DB545E9006E909D /* Main app with iMessage Extension.app */,
				84D444211DB545E9006E909D /* Main app with iMessage ExtensionTests.xctest */,
				84D444341DB54600006E909D /* iMessage Extension.appex */,
				84D4444A1DB56085006E909D /* Sticker Pack Extension.appex */,
			);
			name = Products;
			sourceTree = "<group>";
		};
		84D4440F1DB545E9006E909D /* Main app with iMessage Extension */ = {
			isa = PBXGroup;
			children = (
				84D444101DB545E9006E909D /* AppDelegate.swift */,
				84D444121DB545E9006E909D /* ViewController.swift */,
				84D444141DB545E9006E909D /* Main.storyboard */,
				84D444171DB545E9006E909D /* Assets.xcassets */,
				84D444191DB545E9006E909D /* LaunchScreen.storyboard */,
				84D4441C1DB545E9006E909D /* Info.plist */,
			);
			path = "Main app with iMessage Extension";
			sourceTree = "<group>";
		};
		84D444241DB545E9006E909D /* Main app with iMessage ExtensionTests */ = {
			isa = PBXGroup;
			children = (
				84D444251DB545E9006E909D /* Main_app_with_iMessage_ExtensionTests.swift */,
				84D444271DB545E9006E909D /* Info.plist */,
			);
			path = "Main app with iMessage ExtensionTests";
			sourceTree = "<group>";
		};
		84D444351DB54600006E909D /* Frameworks */ = {
			isa = PBXGroup;
			children = (
				84D444361DB54600006E909D /* Messages.framework */,
			);
			name = Frameworks;
			sourceTree = "<group>";
		};
		84D444381DB54600006E909D /* iMessage Extension */ = {
			isa = PBXGroup;
			children = (
				84D444391DB54600006E909D /* MessagesViewController.swift */,
				84D4443B1DB54600006E909D /* MainInterface.storyboard */,
				84D4443E1DB54600006E909D /* Assets.xcassets */,
				84D444401DB54600006E909D /* Info.plist */,
			);
			path = "iMessage Extension";
			sourceTree = "<group>";
		};
		84D4444B1DB56085006E909D /* Sticker Pack Extension */ = {
			isa = PBXGroup;
			children = (
				84D4444C1DB56085006E909D /* Stickers.xcassets */,
				84D4444E1DB56085006E909D /* Info.plist */,
			);
			path = "Sticker Pack Extension";
			sourceTree = "<group>";
		};
/* End PBXGroup section */

/* Begin PBXNativeTarget section */
		84D4440C1DB545E9006E909D /* Main app with iMessage Extension */ = {
			isa = PBXNativeTarget;
			buildConfigurationList = 84D4442A1DB545E9006E909D /* Build configuration list for PBXNativeTarget "Main app with iMessage Extension" */;
			buildPhases = (
				84D444091DB545E9006E909D /* Sources */,
				84D4440A1DB545E9006E909D /* Frameworks */,
				84D4440B1DB545E9006E909D /* Resources */,
				84D444471DB54600006E909D /* Embed App Extensions */,
			);
			buildRules = (
			);
			dependencies = (
				84D444421DB54600006E909D /* PBXTargetDependency */,
				84D444501DB56085006E909D /* PBXTargetDependency */,
			);
			name = "Main app with iMessage Extension";
			productName = "Main app with iMessage Extension";
			productReference = 84D4440D1DB545E9006E909D /* Main app with iMessage Extension.app */;
			productType = "com.apple.product-type.application";
		};
		84D444201DB545E9006E909D /* Main app with iMessage ExtensionTests */ = {
			isa = PBXNativeTarget;
			buildConfigurationList = 84D4442D1DB545E9006E909D /* Build configuration list for PBXNativeTarget "Main app with iMessage ExtensionTests" */;
			buildPhases = (
				84D4441D1DB545E9006E909D /* Sources */,
				84D4441E1DB545E9006E909D /* Frameworks */,
				84D4441F1DB545E9006E909D /* Resources */,
			);
			buildRules = (
			);
			dependencies = (
				84D444231DB545E9006E909D /* PBXTargetDependency */,
			);
			name = "Main app with iMessage ExtensionTests";
			productName = "Main app with iMessage ExtensionTests";
			productReference = 84D444211DB545E9006E909D /* Main app with iMessage ExtensionTests.xctest */;
			productType = "com.apple.product-type.bundle.unit-test";
		};
		84D444331DB54600006E909D /* iMessage Extension */ = {
			isa = PBXNativeTarget;
			buildConfigurationList = 84D444441DB54600006E909D /* Build configuration list for PBXNativeTarget "iMessage Extension" */;
			buildPhases = (
				84D444301DB54600006E909D /* Sources */,
				84D444311DB54600006E909D /* Frameworks */,
				84D444321DB54600006E909D /* Resources */,
			);
			buildRules = (
			);
			dependencies = (
			);
			name = "iMessage Extension";
			productName = "iMessage Extension";
			productReference = 84D444341DB54600006E909D /* iMessage Extension.appex */;
			productType = "com.apple.product-type.app-extension.messages";
		};
		84D444491DB56085006E909D /* Sticker Pack Extension */ = {
			isa = PBXNativeTarget;
			buildConfigurationList = 84D444521DB56085006E909D /* Build configuration list for PBXNativeTarget "Sticker Pack Extension" */;
			buildPhases = (
				84D444481DB56085006E909D /* Resources */,
			);
			buildRules = (
			);
			dependencies = (
			);
			name = "Sticker Pack Extension";
			productName = "Sticker Pack Extension";
			productReference = 84D4444A1DB56085006E909D /* Sticker Pack Extension.appex */;
			productType = "com.apple.product-type.app-extension.messages-sticker-pack";
		};
/* End PBXNativeTarget section */

/* Begin PBXProject section */
		84D444051DB545E9006E909D /* Project object */ = {
			isa = PBXProject;
			attributes = {
				LastSwiftUpdateCheck = 0800;
				LastUpgradeCheck = 0800;
				ORGANIZATIONNAME = BuddyBuild;
				TargetAttributes = {
					84D4440C1DB545E9006E909D = {
						CreatedOnToolsVersion = 8.0;
						DevelopmentTeam = L4FET847JL;
						ProvisioningStyle = Automatic;
					};
					84D444201DB545E9006E909D = {
						CreatedOnToolsVersion = 8.0;
						DevelopmentTeam = L4FET847JL;
						ProvisioningStyle = Automatic;
						TestTargetID = 84D4440C1DB545E9006E909D;
					};
					84D444331DB54600006E909D = {
						CreatedOnToolsVersion = 8.0;
						DevelopmentTeam = L4FET847JL;
						ProvisioningStyle = Automatic;
					};
					84D444491DB56085006E909D = {
						CreatedOnToolsVersion = 8.0;
						DevelopmentTeam = L4FET847JL;
						ProvisioningStyle = Automatic;
					};
				};
			};
			buildConfigurationList = 84D444081DB545E9006E909D /* Build configuration list for PBXProject "Main app with iMessage Extension" */;
			compatibilityVersion = "Xcode 3.2";
			developmentRegion = English;
			hasScannedForEncodings = 0;
			knownRegions = (
				en,
				Base,
			);
			mainGroup = 84D444041DB545E9006E909D;
			productRefGroup = 84D4440E1DB545E9006E909D /* Products */;
			projectDirPath = "";
			projectRoot = "";
			targets = (
				84D4440C1DB545E9006E909D /* Main app with iMessage Extension */,
				84D444201DB545E9006E909D /* Main app with iMessage ExtensionTests */,
				84D444331DB54600006E909D /* iMessage Extension */,
				84D444491DB56085006E909D /* Sticker Pack Extension */,
			);
		};
/* End PBXProject section */

/* Begin PBXResourcesBuildPhase section */
		84D4440B1DB545E9006E909D /* Resources */ = {
			isa = PBXResourcesBuildPhase;
			buildActionMask = 2147483647;
			files = (
				84D4441B1DB545E9006E909D /* LaunchScreen.storyboard in Resources */,
				84D444181DB545E9006E909D /* Assets.xcassets in Resources */,
				84D444161DB545E9006E909D /* Main.storyboard in Resources */,
			);
			runOnlyForDeploymentPostprocessing = 0;
		};
		84D4441F1DB545E9006E909D /* Resources */ = {
			isa = PBXResourcesBuildPhase;
			buildActionMask = 2147483647;
			files = (
			);
			runOnlyForDeploymentPostprocessing = 0;
		};
		84D444321DB54600006E909D /* Resources */ = {
			isa = PBXResourcesBuildPhase;
			buildActionMask = 2147483647;
			files = (
				84D4443F1DB54600006E909D /* Assets.xcassets in Resources */,
				84D4443D1DB54600006E909D /* MainInterface.storyboard in Resources */,
			);
			runOnlyForDeploymentPostprocessing = 0;
		};
		84D444481DB56085006E909D /* Resources */ = {
			isa = PBXResourcesBuildPhase;
			buildActionMask = 2147483647;
			files = (
				84D4444D1DB56085006E909D /* Stickers.xcassets in Resources */,
			);
			runOnlyForDeploymentPostprocessing = 0;
		};
/* End PBXResourcesBuildPhase section */

/* Begin PBXSourcesBuildPhase section */
		84D444091DB545E9006E909D /* Sources */ = {
			isa = PBXSourcesBuildPhase;
			buildActionMask = 2147483647;
			files = (
				84D444131DB545E9006E909D /* ViewController.swift in Sources */,
				84D444111DB545E9006E909D /* AppDelegate.swift in Sources */,
			);
			runOnlyForDeploymentPostprocessing = 0;
		};
		84D4441D1DB545E9006E909D /* Sources */ = {
			isa = PBXSourcesBuildPhase;
			buildActionMask = 2147483647;
			files = (
				84D444261DB545E9006E909D /* Main_app_with_iMessage_ExtensionTests.swift in Sources */,
			);
			runOnlyForDeploymentPostprocessing = 0;
		};
		84D444301DB54600006E909D /* Sources */ = {
			isa = PBXSourcesBuildPhase;
			buildActionMask = 2147483647;
			files = (
				84D4443A1DB54600006E909D /* MessagesViewController.swift in Sources */,
			);
			runOnlyForDeploymentPostprocessing = 0;
		};
/* End PBXSourcesBuildPhase section */

/* Begin PBXTargetDependency section */
		84D444231DB545E9006E909D /* PBXTargetDependency */ = {
			isa = PBXTargetDependency;
			target = 84D4440C1DB545E9006E909D /* Main app with iMessage Extension */;
			targetProxy = 84D444221DB545E9006E909D /* PBXContainerItemProxy */;
		};
		84D444421DB54600006E909D /* PBXTargetDependency */ = {
			isa = PBXTargetDependency;
			target = 84D444331DB54600006E909D /* iMessage Extension */;
			targetProxy = 84D444411DB54600006E909D /* PBXContainerItemProxy */;
		};
		84D444501DB56085006E909D /* PBXTargetDependency */ = {
			isa = PBXTargetDependency;
			target = 84D444491DB56085006E909D /* Sticker Pack Extension */;
			targetProxy = 84D4444F1DB56085006E909D /* PBXContainerItemProxy */;
		};
/* End PBXTargetDependency section */

/* Begin PBXVariantGroup section */
		84D444141DB545E9006E909D /* Main.storyboard */ = {
			isa = PBXVariantGroup;
			children = (
				84D444151DB545E9006E909D /* Base */,
			);
			name = Main.storyboard;
			sourceTree = "<group>";
		};
		84D444191DB545E9006E909D /* LaunchScreen.storyboard */ = {
			isa = PBXVariantGroup;
			children = (
				84D4441A1DB545E9006E909D /* Base */,
			);
			name = LaunchScreen.storyboard;
			sourceTree = "<group>";
		};
		84D4443B1DB54600006E909D /* MainInterface.storyboard */ = {
			isa = PBXVariantGroup;
			children = (
				84D4443C1DB54600006E909D /* Base */,
			);
			name = MainInterface.storyboard;
			sourceTree = "<group>";
		};
/* End PBXVariantGroup section */

/* Begin XCBuildConfiguration section */
		84D444281DB545E9006E909D /* Debug */ = {
			isa = XCBuildConfiguration;
			buildSettings = {
				ALWAYS_SEARCH_USER_PATHS = NO;
				CLANG_ANALYZER_NONNULL = YES;
				CLANG_CXX_LANGUAGE_STANDARD = "gnu++0x";
				CLANG_CXX_LIBRARY = "libc++";
				CLANG_ENABLE_MODULES = YES;
				CLANG_ENABLE_OBJC_ARC = YES;
				CLANG_WARN_BOOL_CONVERSION = YES;
				CLANG_WARN_CONSTANT_CONVERSION = YES;
				CLANG_WARN_DIRECT_OBJC_ISA_USAGE = YES_ERROR;
				CLANG_WARN_DOCUMENTATION_COMMENTS = YES;
				CLANG_WARN_EMPTY_BODY = YES;
				CLANG_WARN_ENUM_CONVERSION = YES;
				CLANG_WARN_INFINITE_RECURSION = YES;
				CLANG_WARN_INT_CONVERSION = YES;
				CLANG_WARN_OBJC_ROOT_CLASS = YES_ERROR;
				CLANG_WARN_SUSPICIOUS_MOVES = YES;
				CLANG_WARN_UNREACHABLE_CODE = YES;
				CLANG_WARN__DUPLICATE_METHOD_MATCH = YES;
				"CODE_SIGN_IDENTITY[sdk=iphoneos*]" = "iPhone Developer";
				COPY_PHASE_STRIP = NO;
				DEBUG_INFORMATION_FORMAT = dwarf;
				ENABLE_STRICT_OBJC_MSGSEND = YES;
				ENABLE_TESTABILITY = YES;
				GCC_C_LANGUAGE_STANDARD = gnu99;
				GCC_DYNAMIC_NO_PIC = NO;
				GCC_NO_COMMON_BLOCKS = YES;
				GCC_OPTIMIZATION_LEVEL = 0;
				GCC_PREPROCESSOR_DEFINITIONS = (
					"DEBUG=1",
					"$(inherited)",
				);
				GCC_WARN_64_TO_32_BIT_CONVERSION = YES;
				GCC_WARN_ABOUT_RETURN_TYPE = YES_ERROR;
				GCC_WARN_UNDECLARED_SELECTOR = YES;
				GCC_WARN_UNINITIALIZED_AUTOS = YES_AGGRESSIVE;
				GCC_WARN_UNUSED_FUNCTION = YES;
				GCC_WARN_UNUSED_VARIABLE = YES;
				IPHONEOS_DEPLOYMENT_TARGET = 10.0;
				MTL_ENABLE_DEBUG_INFO = YES;
				ONLY_ACTIVE_ARCH = YES;
				SDKROOT = iphoneos;
				SWIFT_ACTIVE_COMPILATION_CONDITIONS = DEBUG;
				SWIFT_OPTIMIZATION_LEVEL = "-Onone";
				TARGETED_DEVICE_FAMILY = "1,2";
			};
			name = Debug;
		};
		84D444291DB545E9006E909D /* Release */ = {
			isa = XCBuildConfiguration;
			buildSettings = {
				ALWAYS_SEARCH_USER_PATHS = NO;
				CLANG_ANALYZER_NONNULL = YES;
				CLANG_CXX_LANGUAGE_STANDARD = "gnu++0x";
				CLANG_CXX_LIBRARY = "libc++";
				CLANG_ENABLE_MODULES = YES;
				CLANG_ENABLE_OBJC_ARC = YES;
				CLANG_WARN_BOOL_CONVERSION = YES;
				CLANG_WARN_CONSTANT_CONVERSION = YES;
				CLANG_WARN_DIRECT_OBJC_ISA_USAGE = YES_ERROR;
				CLANG_WARN_DOCUMENTATION_COMMENTS = YES;
				CLANG_WARN_EMPTY_BODY = YES;
				CLANG_WARN_ENUM_CONVERSION = YES;
				CLANG_WARN_INFINITE_RECURSION = YES;
				CLANG_WARN_INT_CONVERSION = YES;
				CLANG_WARN_OBJC_ROOT_CLASS = YES_ERROR;
				CLANG_WARN_SUSPICIOUS_MOVES = YES;
				CLANG_WARN_UNREACHABLE_CODE = YES;
				CLANG_WARN__DUPLICATE_METHOD_MATCH = YES;
				"CODE_SIGN_IDENTITY[sdk=iphoneos*]" = "iPhone Developer";
				COPY_PHASE_STRIP = NO;
				DEBUG_INFORMATION_FORMAT = "dwarf-with-dsym";
				ENABLE_NS_ASSERTIONS = NO;
				ENABLE_STRICT_OBJC_MSGSEND = YES;
				GCC_C_LANGUAGE_STANDARD = gnu99;
				GCC_NO_COMMON_BLOCKS = YES;
				GCC_WARN_64_TO_32_BIT_CONVERSION = YES;
				GCC_WARN_ABOUT_RETURN_TYPE = YES_ERROR;
				GCC_WARN_UNDECLARED_SELECTOR = YES;
				GCC_WARN_UNINITIALIZED_AUTOS = YES_AGGRESSIVE;
				GCC_WARN_UNUSED_FUNCTION = YES;
				GCC_WARN_UNUSED_VARIABLE = YES;
				IPHONEOS_DEPLOYMENT_TARGET = 10.0;
				MTL_ENABLE_DEBUG_INFO = NO;
				SDKROOT = iphoneos;
				SWIFT_OPTIMIZATION_LEVEL = "-Owholemodule";
				TARGETED_DEVICE_FAMILY = "1,2";
				VALIDATE_PRODUCT = YES;
			};
			name = Release;
		};
		84D4442B1DB545E9006E909D /* Debug */ = {
			isa = XCBuildConfiguration;
			buildSettings = {
				ALWAYS_EMBED_SWIFT_STANDARD_LIBRARIES = YES;
				ASSETCATALOG_COMPILER_APPICON_NAME = AppIcon;
				DEVELOPMENT_TEAM = L4FET847JL;
				INFOPLIST_FILE = "Main app with iMessage Extension/Info.plist";
				LD_RUNPATH_SEARCH_PATHS = "$(inherited) @executable_path/Frameworks";
				PRODUCT_BUNDLE_IDENTIFIER = "com.buddybuild.Main-app-with-iMessage-Extension";
				PRODUCT_NAME = "$(TARGET_NAME)";
				SWIFT_VERSION = 3.0;
			};
			name = Debug;
		};
		84D4442C1DB545E9006E909D /* Release */ = {
			isa = XCBuildConfiguration;
			buildSettings = {
				ALWAYS_EMBED_SWIFT_STANDARD_LIBRARIES = YES;
				ASSETCATALOG_COMPILER_APPICON_NAME = AppIcon;
				DEVELOPMENT_TEAM = L4FET847JL;
				INFOPLIST_FILE = "Main app with iMessage Extension/Info.plist";
				LD_RUNPATH_SEARCH_PATHS = "$(inherited) @executable_path/Frameworks";
				PRODUCT_BUNDLE_IDENTIFIER = "com.buddybuild.Main-app-with-iMessage-Extension";
				PRODUCT_NAME = "$(TARGET_NAME)";
				SWIFT_VERSION = 3.0;
			};
			name = Release;
		};
		84D4442E1DB545E9006E909D /* Debug */ = {
			isa = XCBuildConfiguration;
			buildSettings = {
				ALWAYS_EMBED_SWIFT_STANDARD_LIBRARIES = YES;
				BUNDLE_LOADER = "$(TEST_HOST)";
				DEVELOPMENT_TEAM = L4FET847JL;
				INFOPLIST_FILE = "Main app with iMessage ExtensionTests/Info.plist";
				LD_RUNPATH_SEARCH_PATHS = "$(inherited) @executable_path/Frameworks @loader_path/Frameworks";
				PRODUCT_BUNDLE_IDENTIFIER = "com.buddybuild.Main-app-with-iMessage-ExtensionTests";
				PRODUCT_NAME = "$(TARGET_NAME)";
				SWIFT_VERSION = 3.0;
				TEST_HOST = "$(BUILT_PRODUCTS_DIR)/Main app with iMessage Extension.app/Main app with iMessage Extension";
			};
			name = Debug;
		};
		84D4442F1DB545E9006E909D /* Release */ = {
			isa = XCBuildConfiguration;
			buildSettings = {
				ALWAYS_EMBED_SWIFT_STANDARD_LIBRARIES = YES;
				BUNDLE_LOADER = "$(TEST_HOST)";
				DEVELOPMENT_TEAM = L4FET847JL;
				INFOPLIST_FILE = "Main app with iMessage ExtensionTests/Info.plist";
				LD_RUNPATH_SEARCH_PATHS = "$(inherited) @executable_path/Frameworks @loader_path/Frameworks";
				PRODUCT_BUNDLE_IDENTIFIER = "com.buddybuild.Main-app-with-iMessage-ExtensionTests";
				PRODUCT_NAME = "$(TARGET_NAME)";
				SWIFT_VERSION = 3.0;
				TEST_HOST = "$(BUILT_PRODUCTS_DIR)/Main app with iMessage Extension.app/Main app with iMessage Extension";
			};
			name = Release;
		};
		84D444451DB54600006E909D /* Debug */ = {
			isa = XCBuildConfiguration;
			buildSettings = {
				ASSETCATALOG_COMPILER_APPICON_NAME = "iMessage App Icon";
				DEVELOPMENT_TEAM = L4FET847JL;
				INFOPLIST_FILE = "iMessage Extension/Info.plist";
				LD_RUNPATH_SEARCH_PATHS = "$(inherited) @executable_path/Frameworks @executable_path/../../Frameworks";
				PRODUCT_BUNDLE_IDENTIFIER = "com.buddybuild.Main-app-with-iMessage-Extension.iMessage-Extension";
				PRODUCT_NAME = "$(TARGET_NAME)";
				SKIP_INSTALL = YES;
				SWIFT_VERSION = 3.0;
			};
			name = Debug;
		};
		84D444461DB54600006E909D /* Release */ = {
			isa = XCBuildConfiguration;
			buildSettings = {
				ASSETCATALOG_COMPILER_APPICON_NAME = "iMessage App Icon";
				DEVELOPMENT_TEAM = L4FET847JL;
				INFOPLIST_FILE = "iMessage Extension/Info.plist";
				LD_RUNPATH_SEARCH_PATHS = "$(inherited) @executable_path/Frameworks @executable_path/../../Frameworks";
				PRODUCT_BUNDLE_IDENTIFIER = "com.buddybuild.Main-app-with-iMessage-Extension.iMessage-Extension";
				PRODUCT_NAME = "$(TARGET_NAME)";
				SKIP_INSTALL = YES;
				SWIFT_VERSION = 3.0;
			};
			name = Release;
		};
		84D444531DB56085006E909D /* Debug */ = {
			isa = XCBuildConfiguration;
			buildSettings = {
				ASSETCATALOG_COMPILER_APPICON_NAME = "iMessage App Icon";
				DEVELOPMENT_TEAM = L4FET847JL;
				INFOPLIST_FILE = "Sticker Pack Extension/Info.plist";
				PRODUCT_BUNDLE_IDENTIFIER = "com.buddybuild.Main-app-with-iMessage-Extension.Sticker-Pack-Extension";
				PRODUCT_NAME = "$(TARGET_NAME)";
				SKIP_INSTALL = YES;
			};
			name = Debug;
		};
		84D444541DB56085006E909D /* Release */ = {
			isa = XCBuildConfiguration;
			buildSettings = {
				ASSETCATALOG_COMPILER_APPICON_NAME = "iMessage App Icon";
				DEVELOPMENT_TEAM = L4FET847JL;
				INFOPLIST_FILE = "Sticker Pack Extension/Info.plist";
				PRODUCT_BUNDLE_IDENTIFIER = "com.buddybuild.Main-app-with-iMessage-Extension.Sticker-Pack-Extension";
				PRODUCT_NAME = "$(TARGET_NAME)";
				SKIP_INSTALL = YES;
			};
			name = Release;
		};
/* End XCBuildConfiguration section */

/* Begin XCConfigurationList section */
		84D444081DB545E9006E909D /* Build configuration list for PBXProject "Main app with iMessage Extension" */ = {
			isa = XCConfigurationList;
			buildConfigurations = (
				84D444281DB545E9006E909D /* Debug */,
				84D444291DB545E9006E909D /* Release */,
			);
			defaultConfigurationIsVisible = 0;
			defaultConfigurationName = Release;
		};
		84D4442A1DB545E9006E909D /* Build configuration list for PBXNativeTarget "Main app with iMessage Extension" */ = {
			isa = XCConfigurationList;
			buildConfigurations = (
				84D4442B1DB545E9006E909D /* Debug */,
				84D4442C1DB545E9006E909D /* Release */,
			);
			defaultConfigurationIsVisible = 0;
		};
		84D4442D1DB545E9006E909D /* Build configuration list for PBXNativeTarget "Main app with iMessage ExtensionTests" */ = {
			isa = XCConfigurationList;
			buildConfigurations = (
				84D4442E1DB545E9006E909D /* Debug */,
				84D4442F1DB545E9006E909D /* Release */,
			);
			defaultConfigurationIsVisible = 0;
		};
		84D444441DB54600006E909D /* Build configuration list for PBXNativeTarget "iMessage Extension" */ = {
			isa = XCConfigurationList;
			buildConfigurations = (
				84D444451DB54600006E909D /* Debug */,
				84D444461DB54600006E909D /* Release */,
			);
			defaultConfigurationIsVisible = 0;
		};
		84D444521DB56085006E909D /* Build configuration list for PBXNativeTarget "Sticker Pack Extension" */ = {
			isa = XCConfigurationList;
			buildConfigurations = (
				84D444531DB56085006E909D /* Debug */,
				84D444541DB56085006E909D /* Release */,
			);
			defaultConfigurationIsVisible = 0;
		};
/* End XCConfigurationList section */
	};
	rootObject = 84D444051DB545E9006E909D /* Project object */;
}
